
Microsoft Visual Studio Solution File, Format Version 12.00
# Visual Studio 14
VisualStudioVersion = 14.0.25420.1
MinimumVisualStudioVersion = 10.0.40219.1
Project("{FAE04EC0-301F-11D3-BF4B-00C04F79EFBC}") = "ClothsBazar.Web", "ClothsBazar.Web\ClothsBazar.Web.csproj", "{87CBEF5F-EDBD-4802-A0B0-87CC8313B5D0}"
EndProject
Project("{FAE04EC0-301F-11D3-BF4B-00C04F79EFBC}") = "ClothBazar.Entities", "ClothBazar.Entities\ClothBazar.Entities.csproj", "{A07ECE28-4545-4D39-BE5C-8B91EBE84377}"
EndProject
Project("{FAE04EC0-301F-11D3-BF4B-00C04F79EFBC}") = "ClothBazar.Database", "ClothBazar.Database\ClothBazar.Database.csproj", "{ED5F661D-106B-4DEB-8044-4804D3C0FEC9}"
EndProject
Global
	GlobalSection(SolutionConfigurationPlatforms) = preSolution
		Debug|Any CPU = Debug|Any CPU
		Release|Any CPU = Release|Any CPU
	EndGlobalSection
	GlobalSection(ProjectConfigurationPlatforms) = postSolution
		{87CBEF5F-EDBD-4802-A0B0-87CC8313B5D0}.Debug|Any CPU.ActiveCfg = Debug|Any CPU
		{87CBEF5F-EDBD-4802-A0B0-87CC8313B5D0}.Debug|Any CPU.Build.0 = Debug|Any CPU
		{87CBEF5F-EDBD-4802-A0B0-87CC8313B5D0}.Release|Any CPU.ActiveCfg = Release|Any CPU
		{87CBEF5F-EDBD-4802-A0B0-87CC8313B5D0}.Release|Any CPU.Build.0 = Release|Any CPU
		{A07ECE28-4545-4D39-BE5C-8B91EBE84377}.Debug|Any CPU.ActiveCfg = Debug|Any CPU
		{A07ECE28-4545-4D39-BE5C-8B91EBE84377}.Debug|Any CPU.Build.0 = Debug|Any CPU
		{A07ECE28-4545-4D39-BE5C-8B91EBE84377}.Release|Any CPU.ActiveCfg = Release|Any CPU
		{A07ECE28-4545-4D39-BE5C-8B91EBE84377}.Release|Any CPU.Build.0 = Release|Any CPU
		{ED5F661D-106B-4DEB-8044-4804D3C0FEC9}.Debug|Any CPU.ActiveCfg = Debug|Any CPU
		{ED5F661D-106B-4DEB-8044-4804D3C0FEC9}.Debug|Any CPU.Build.0 = Debug|Any CPU
		{ED5F661D-106B-4DEB-8044-4804D3C0FEC9}.Release|Any CPU.ActiveCfg = Release|Any CPU
		{ED5F661D-106B-4DEB-8044-4804D3C0FEC9}.Release|Any CPU.Build.0 = Release|Any CPU
	EndGlobalSection
	GlobalSection(SolutionProperties) = preSolution
		HideSolutionNode = FALSE
	EndGlobalSection
EndGlobal
